{
  "version": 4,
  "terraform_version": "1.3.2",
  "serial": 3,
  "lineage": "97010ea5-0a7a-9ff0-3fbb-2227e1e9e4ce",
  "outputs": {},
  "resources": [
    {
      "mode": "managed",
      "type": "aws_s3_bucket",
      "name": "multi_reg_buckets",
      "provider": "provider[\"registry.terraform.io/hashicorp/aws\"]",
      "instances": [
        {
          "index_key": "ap-northeast-1",
          "schema_version": 0,
          "attributes": {
            "acceleration_status": "",
            "acl": null,
            "arn": "arn:aws:s3:::multi-reg-bucket-ap-northeast-1-7051990",
            "bucket": "multi-reg-bucket-ap-northeast-1-7051990",
            "bucket_domain_name": "multi-reg-bucket-ap-northeast-1-7051990.s3.amazonaws.com",
            "bucket_prefix": null,
            "bucket_regional_domain_name": "multi-reg-bucket-ap-northeast-1-7051990.s3.amazonaws.com",
            "cors_rule": [],
            "force_destroy": false,
            "grant": [
              {
                "id": "948bdc72519f7313193708af1cb6db425caec870cb6574018fcf062497de1b16",
                "permissions": [
                  "FULL_CONTROL"
                ],
                "type": "CanonicalUser",
                "uri": ""
              }
            ],
            "hosted_zone_id": "Z3AQBSTGFYJSTF",
            "id": "multi-reg-bucket-ap-northeast-1-7051990",
            "lifecycle_rule": [],
            "logging": [],
            "object_lock_configuration": [],
            "object_lock_enabled": false,
            "policy": "",
            "region": "us-east-1",
            "replication_configuration": [],
            "request_payer": "BucketOwner",
            "server_side_encryption_configuration": [
              {
                "rule": [
                  {
                    "apply_server_side_encryption_by_default": [
                      {
                        "kms_master_key_id": "",
                        "sse_algorithm": "AES256"
                      }
                    ],
                    "bucket_key_enabled": false
                  }
                ]
              }
            ],
            "tags": {
              "CreatedBy": "terraform",
              "Environment": "Test",
              "Owner": "DVK",
              "TargertRegion": "ap-northeast-1"
            },
            "tags_all": {
              "CreatedBy": "terraform",
              "Environment": "Test",
              "Owner": "DVK",
              "TargertRegion": "ap-northeast-1"
            },
            "timeouts": null,
            "versioning": [
              {
                "enabled": false,
                "mfa_delete": false
              }
            ],
            "website": [],
            "website_domain": null,
            "website_endpoint": null
          },
          "sensitive_attributes": [],
          "private": "eyJlMmJmYjczMC1lY2FhLTExZTYtOGY4OC0zNDM2M2JjN2M0YzAiOnsiY3JlYXRlIjoxMjAwMDAwMDAwMDAwLCJkZWxldGUiOjM2MDAwMDAwMDAwMDAsInJlYWQiOjEyMDAwMDAwMDAwMDAsInVwZGF0ZSI6MTIwMDAwMDAwMDAwMH19"
        },
        {
          "index_key": "us-west-1",
          "schema_version": 0,
          "attributes": {
            "acceleration_status": "",
            "acl": null,
            "arn": "arn:aws:s3:::multi-reg-bucket-us-west-1-7051990",
            "bucket": "multi-reg-bucket-us-west-1-7051990",
            "bucket_domain_name": "multi-reg-bucket-us-west-1-7051990.s3.amazonaws.com",
            "bucket_prefix": null,
            "bucket_regional_domain_name": "multi-reg-bucket-us-west-1-7051990.s3.amazonaws.com",
            "cors_rule": [],
            "force_destroy": false,
            "grant": [
              {
                "id": "948bdc72519f7313193708af1cb6db425caec870cb6574018fcf062497de1b16",
                "permissions": [
                  "FULL_CONTROL"
                ],
                "type": "CanonicalUser",
                "uri": ""
              }
            ],
            "hosted_zone_id": "Z3AQBSTGFYJSTF",
            "id": "multi-reg-bucket-us-west-1-7051990",
            "lifecycle_rule": [],
            "logging": [],
            "object_lock_configuration": [],
            "object_lock_enabled": false,
            "policy": "",
            "region": "us-east-1",
            "replication_configuration": [],
            "request_payer": "BucketOwner",
            "server_side_encryption_configuration": [
              {
                "rule": [
                  {
                    "apply_server_side_encryption_by_default": [
                      {
                        "kms_master_key_id": "",
                        "sse_algorithm": "AES256"
                      }
                    ],
                    "bucket_key_enabled": false
                  }
                ]
              }
            ],
            "tags": {
              "CreatedBy": "terraform",
              "Environment": "Test",
              "Owner": "DVK",
              "TargertRegion": "us-west-1"
            },
            "tags_all": {
              "CreatedBy": "terraform",
              "Environment": "Test",
              "Owner": "DVK",
              "TargertRegion": "us-west-1"
            },
            "timeouts": null,
            "versioning": [
              {
                "enabled": false,
                "mfa_delete": false
              }
            ],
            "website": [],
            "website_domain": null,
            "website_endpoint": null
          },
          "sensitive_attributes": [],
          "private": "eyJlMmJmYjczMC1lY2FhLTExZTYtOGY4OC0zNDM2M2JjN2M0YzAiOnsiY3JlYXRlIjoxMjAwMDAwMDAwMDAwLCJkZWxldGUiOjM2MDAwMDAwMDAwMDAsInJlYWQiOjEyMDAwMDAwMDAwMDAsInVwZGF0ZSI6MTIwMDAwMDAwMDAwMH19"
        }
      ]
    }
  ],
  "check_results": []
}
